# Generated by conda-lock.
# platform: linux-64
# env_hash: dfcd715aa6d166015bc9f6445d61f5c4f11f1cb7cee1966cfe1312e9614010bb
@EXPLICIT
https://conda.anaconda.org/conda-forge/linux-64/_libgcc_mutex-0.1-conda_forge.tar.bz2#d7c89558ba9fa0495403155b64376d81
https://conda.anaconda.org/conda-forge/linux-64/ca-certificates-2021.5.30-ha878542_0.tar.bz2#6a777890e94194dc94a29a76d2a7e721
https://conda.anaconda.org/conda-forge/linux-64/ld_impl_linux-64-2.36.1-hea4e1c9_2.tar.bz2#bd4f2e711b39af170e7ff15163fe87ee
https://conda.anaconda.org/conda-forge/linux-64/libgfortran5-11.1.0-h6c583b3_8.tar.bz2#478b6358c5d08b7e133a5da71c5c81bd
https://conda.anaconda.org/conda-forge/linux-64/libstdcxx-ng-11.1.0-h56837e0_8.tar.bz2#930957b6bff66cfd539ada080c5ca3e8
https://conda.anaconda.org/conda-forge/linux-64/libgfortran-ng-11.1.0-h69a702a_8.tar.bz2#7bacab270c077a054525e8afe29feaa9
https://conda.anaconda.org/conda-forge/linux-64/libgomp-11.1.0-hc902ee8_8.tar.bz2#f2dd961d1ae80d9d81b3d5068807f11b
https://conda.anaconda.org/conda-forge/linux-64/_openmp_mutex-4.5-1_gnu.tar.bz2#561e277319a41d4f24f5c05a9ef63c04
https://conda.anaconda.org/conda-forge/linux-64/libgcc-ng-11.1.0-hc902ee8_8.tar.bz2#da6221956ce8582d8e71acc16dfe4c3e
https://conda.anaconda.org/conda-forge/linux-64/libffi-3.3-h58526e2_2.tar.bz2#665369991d8dd290ac5ee92fce3e6bf5
https://conda.anaconda.org/conda-forge/linux-64/libopenblas-0.3.17-pthreads_h8fe5266_1.tar.bz2#7f96c04618e952e0f9d94d5e07545a71
https://conda.anaconda.org/conda-forge/linux-64/ncurses-6.2-h58526e2_4.tar.bz2#509f2a21c4a09214cd737a480dfd80c9
https://conda.anaconda.org/conda-forge/linux-64/openssl-1.1.1k-h7f98852_0.tar.bz2#07fae2cb088379c8441e0f3ffa1f4025
https://conda.anaconda.org/conda-forge/linux-64/xz-5.2.5-h516909a_1.tar.bz2#33f601066901f3e1a85af3522a8113f9
https://conda.anaconda.org/conda-forge/linux-64/zlib-1.2.11-h516909a_1010.tar.bz2#339cc5584e6d26bc73a875ba900028c3
https://conda.anaconda.org/conda-forge/linux-64/libblas-3.9.0-10_openblas.tar.bz2#fc12bc19cf81529176e06af4342098ad
https://conda.anaconda.org/conda-forge/linux-64/readline-8.1-h46c0cb4_0.tar.bz2#5788de3c8d7a7d64ac56c784c4ef48e6
https://conda.anaconda.org/conda-forge/linux-64/tk-8.6.10-h21135ba_1.tar.bz2#c647f70aa7e3d4cc4e029cc1c9a99953
https://conda.anaconda.org/conda-forge/linux-64/libcblas-3.9.0-10_openblas.tar.bz2#a4cf70d0260c0c67407323d8bba8f600
https://conda.anaconda.org/conda-forge/linux-64/liblapack-3.9.0-10_openblas.tar.bz2#79d2c73a085ba771bc9c19817a37f1a5
https://conda.anaconda.org/conda-forge/linux-64/sqlite-3.36.0-h9cd32fc_0.tar.bz2#d5bbac924cbda57469f43448d5236a50
https://conda.anaconda.org/conda-forge/linux-64/python-3.7.10-hffdb5ce_100_cpython.tar.bz2#7425fffa658971915f595e9110163c3c
https://conda.anaconda.org/conda-forge/linux-64/python_abi-3.7-2_cp37m.tar.bz2#afff88bf9a7048da740c70aeb8cdbb82
https://conda.anaconda.org/conda-forge/linux-64/numpy-1.21.1-py37h038b26d_0.tar.bz2#d277410ef62fa41789b36bc9afc488cf
https://conda.anaconda.org/ilastik-forge/linux-64/fastfilters-0.2.6.post26-py37_1000_g5851a68.tar.bz2#33aa343c26cb6d09028c902bba07b07d
