# Generated by conda-lock.
# platform: win-64
# input_hash: 9a475321ed5f0bb29743bca2e1e0a3cf274eaf88a677a525c40ad78d3b221433
@EXPLICIT
https://conda.anaconda.org/conda-forge/win-64/ca-certificates-2021.5.30-h5b45459_0.tar.bz2#cfb6380d41af681ad323403f02755a15
https://conda.anaconda.org/conda-forge/win-64/intel-openmp-2021.3.0-h57928b3_3372.tar.bz2#ed1a9bef95e027ee26362fcc250a1851
https://conda.anaconda.org/conda-forge/win-64/ucrt-10.0.20348.0-h57928b3_0.tar.bz2#6d666b6ea8251231ff508062d1e41f9c
https://conda.anaconda.org/conda-forge/win-64/vs2015_runtime-14.29.30037-h902a5da_5.tar.bz2#9d806b41066c34981a5da22bfeffd8e8
https://conda.anaconda.org/conda-forge/win-64/vc-14.2-hb210afc_5.tar.bz2#ee42529d57c3b455d9fec61e912aa2a6
https://conda.anaconda.org/conda-forge/win-64/openssl-1.1.1l-h8ffe710_0.tar.bz2#07747b2557a7f795585b118bb4f186de
https://conda.anaconda.org/conda-forge/win-64/sqlite-3.36.0-h8ffe710_1.tar.bz2#c624e84730be43b8749535ff5b95db38
https://conda.anaconda.org/conda-forge/win-64/tbb-2021.3.0-h2d74725_0.tar.bz2#04b06887633911cf5824bb6b22473b7f
https://conda.anaconda.org/conda-forge/win-64/mkl-2021.3.0-hb70f87d_564.tar.bz2#5055b38cb975f7b4bd733dd9041c5391
https://conda.anaconda.org/conda-forge/win-64/python-3.7.10-h7840368_101_cpython.tar.bz2#91c77d3c7f10757978f1a17d398df14d
https://conda.anaconda.org/conda-forge/win-64/libblas-3.9.0-11_win64_mkl.tar.bz2#3ed1aff3364583b8b71e53d97a2b957b
https://conda.anaconda.org/conda-forge/win-64/python_abi-3.7-2_cp37m.tar.bz2#ff0476bcf0bf3667a5950ed125006a10
https://conda.anaconda.org/conda-forge/noarch/wheel-0.37.0-pyhd8ed1ab_1.tar.bz2#3aa2c3e25dd361b453d010388b9cdff1
https://conda.anaconda.org/conda-forge/win-64/libcblas-3.9.0-11_win64_mkl.tar.bz2#bc6c5376b3773b8ecc394fc55f4fdcbf
https://conda.anaconda.org/conda-forge/win-64/liblapack-3.9.0-11_win64_mkl.tar.bz2#8390ac83b36ec47603142b4d03569e09
https://conda.anaconda.org/conda-forge/win-64/setuptools-58.0.4-py37h03978a9_0.tar.bz2#95e2bb98b6a7545f67bd78525629eb41
https://conda.anaconda.org/conda-forge/win-64/numpy-1.21.2-py37h940b05c_0.tar.bz2#7d2f72c0d038f4181c4a091242ef8494
https://conda.anaconda.org/conda-forge/noarch/pip-21.2.4-pyhd8ed1ab_0.tar.bz2#4104ada314dd5639ea36cc12bce0a2cd
https://conda.anaconda.org/ilastik-forge/win-64/fastfilters-0.2.4.post77-py37_1000_g66780a0.tar.bz2#352833eac934db4d96122a2a783b05cc
