# Generated by conda-lock.
# platform: linux-64
# input_hash: a421302ed94afc6d55d36b5b9f775993ac402f910c862b82db5e71b038d8832e
@EXPLICIT
https://conda.anaconda.org/conda-forge/linux-64/_libgcc_mutex-0.1-conda_forge.tar.bz2#d7c89558ba9fa0495403155b64376d81
https://conda.anaconda.org/conda-forge/linux-64/ca-certificates-2021.5.30-ha878542_0.tar.bz2#6a777890e94194dc94a29a76d2a7e721
https://conda.anaconda.org/conda-forge/linux-64/ld_impl_linux-64-2.36.1-hea4e1c9_2.tar.bz2#bd4f2e711b39af170e7ff15163fe87ee
https://conda.anaconda.org/conda-forge/linux-64/libgfortran5-11.2.0-h5c6108e_8.tar.bz2#1672a7e59c23aac19cb01260e873a4b0
https://conda.anaconda.org/conda-forge/linux-64/libstdcxx-ng-11.2.0-he4da1e4_8.tar.bz2#cee237cb6cd08c65c2f74ada9524b768
https://conda.anaconda.org/conda-forge/linux-64/libgfortran-ng-11.2.0-h69a702a_8.tar.bz2#d246e04ac94318cfe8ad8879a41e908e
https://conda.anaconda.org/conda-forge/linux-64/libgomp-11.2.0-h1d223b6_8.tar.bz2#9c5ec5d954d2009c6b267ed25346ef87
https://conda.anaconda.org/conda-forge/linux-64/_openmp_mutex-4.5-1_gnu.tar.bz2#561e277319a41d4f24f5c05a9ef63c04
https://conda.anaconda.org/conda-forge/linux-64/libgcc-ng-11.2.0-h1d223b6_8.tar.bz2#2de68a054a079032d30dcd54ebf2ecb9
https://conda.anaconda.org/conda-forge/linux-64/libffi-3.4.2-h9c3ff4c_1.tar.bz2#81c88f272dda26a0ab7db544f1dfbb1e
https://conda.anaconda.org/conda-forge/linux-64/libopenblas-0.3.17-pthreads_h8fe5266_1.tar.bz2#7f96c04618e952e0f9d94d5e07545a71
https://conda.anaconda.org/conda-forge/linux-64/ncurses-6.2-h58526e2_4.tar.bz2#509f2a21c4a09214cd737a480dfd80c9
https://conda.anaconda.org/conda-forge/linux-64/openssl-1.1.1l-h7f98852_0.tar.bz2#de7b38a1542dbe6f41653a8ae71adc53
https://conda.anaconda.org/conda-forge/linux-64/xz-5.2.5-h516909a_1.tar.bz2#33f601066901f3e1a85af3522a8113f9
https://conda.anaconda.org/conda-forge/linux-64/zlib-1.2.11-h516909a_1010.tar.bz2#339cc5584e6d26bc73a875ba900028c3
https://conda.anaconda.org/conda-forge/linux-64/libblas-3.9.0-11_linux64_openblas.tar.bz2#b8a498e2cac5746b808d5961cb584a13
https://conda.anaconda.org/conda-forge/linux-64/readline-8.1-h46c0cb4_0.tar.bz2#5788de3c8d7a7d64ac56c784c4ef48e6
https://conda.anaconda.org/conda-forge/linux-64/tk-8.6.11-h27826a3_1.tar.bz2#84e76fb280e735fec1efd2d21fd9cb27
https://conda.anaconda.org/conda-forge/linux-64/libcblas-3.9.0-11_linux64_openblas.tar.bz2#59bf439337c9ec59297f701e4ee97e09
https://conda.anaconda.org/conda-forge/linux-64/liblapack-3.9.0-11_linux64_openblas.tar.bz2#00d3680586af1f0689398b080e273cbb
https://conda.anaconda.org/conda-forge/linux-64/sqlite-3.36.0-h9cd32fc_1.tar.bz2#776f3956ac2bcbc5e85201d21baf8aa7
https://conda.anaconda.org/conda-forge/linux-64/python-3.7.10-hb7a2778_101_cpython.tar.bz2#f5b99583f45e5ab8bcc5ccdd1202f905
https://conda.anaconda.org/conda-forge/linux-64/python_abi-3.7-2_cp37m.tar.bz2#afff88bf9a7048da740c70aeb8cdbb82
https://conda.anaconda.org/conda-forge/noarch/wheel-0.37.0-pyhd8ed1ab_1.tar.bz2#3aa2c3e25dd361b453d010388b9cdff1
https://conda.anaconda.org/conda-forge/linux-64/numpy-1.21.2-py37h31617e3_0.tar.bz2#c7e452d6e97ebbf447fa3d6ea8d59f02
https://conda.anaconda.org/conda-forge/linux-64/setuptools-58.0.4-py37h89c1867_0.tar.bz2#cb198c0ec395b1b30ae3a045d62a1799
https://conda.anaconda.org/ilastik-forge/linux-64/fastfilters-0.2.6.post26-py37_1000_g5851a68.tar.bz2#33aa343c26cb6d09028c902bba07b07d
https://conda.anaconda.org/conda-forge/noarch/pip-21.2.4-pyhd8ed1ab_0.tar.bz2#4104ada314dd5639ea36cc12bce0a2cd
