# Generated by conda-lock.
# platform: win-64
# env_hash: 3e5c0671a25080e64e7a4d17c5359063ae0563e8bf825603f2fdfe5c63ab6222
@EXPLICIT
https://conda.anaconda.org/conda-forge/win-64/ca-certificates-2021.5.30-h5b45459_0.tar.bz2#cfb6380d41af681ad323403f02755a15
https://conda.anaconda.org/conda-forge/win-64/intel-openmp-2021.3.0-h57928b3_3372.tar.bz2#ed1a9bef95e027ee26362fcc250a1851
https://conda.anaconda.org/conda-forge/win-64/ucrt-10.0.20348.0-h57928b3_0.tar.bz2#6d666b6ea8251231ff508062d1e41f9c
https://conda.anaconda.org/conda-forge/win-64/vs2015_runtime-14.29.30037-h902a5da_5.tar.bz2#9d806b41066c34981a5da22bfeffd8e8
https://conda.anaconda.org/conda-forge/win-64/vc-14.2-hb210afc_5.tar.bz2#ee42529d57c3b455d9fec61e912aa2a6
https://conda.anaconda.org/conda-forge/win-64/openssl-1.1.1k-h8ffe710_0.tar.bz2#e94dbe6f21cc34fa9cc3cf26cd42466a
https://conda.anaconda.org/conda-forge/win-64/sqlite-3.36.0-h8ffe710_0.tar.bz2#b7e2a74bafb1c94b0ea7195ef2149f8e
https://conda.anaconda.org/conda-forge/win-64/tbb-2021.3.0-h2d74725_0.tar.bz2#04b06887633911cf5824bb6b22473b7f
https://conda.anaconda.org/conda-forge/win-64/mkl-2021.3.0-hb70f87d_564.tar.bz2#5055b38cb975f7b4bd733dd9041c5391
https://conda.anaconda.org/conda-forge/win-64/python-3.7.10-h7840368_100_cpython.tar.bz2#d1cd351219ab70e421897281ab05fecd
https://conda.anaconda.org/conda-forge/win-64/libblas-3.9.0-10_mkl.tar.bz2#cf374742f0c02b345dba6fd01bedfc73
https://conda.anaconda.org/conda-forge/win-64/python_abi-3.7-2_cp37m.tar.bz2#ff0476bcf0bf3667a5950ed125006a10
https://conda.anaconda.org/conda-forge/win-64/libcblas-3.9.0-10_mkl.tar.bz2#8cae92cb768924dd0a5c86b0bbe392ab
https://conda.anaconda.org/conda-forge/win-64/liblapack-3.9.0-10_mkl.tar.bz2#f28a3973294849ce56ed08cb05cf1a35
https://conda.anaconda.org/conda-forge/win-64/numpy-1.21.1-py37hcbcd69c_0.tar.bz2#1b5138da62585b6a6a3f52998bdfc8b9
https://conda.anaconda.org/ilastik-forge/win-64/fastfilters-0.2.4.post77-py37_1000_g66780a0.tar.bz2#352833eac934db4d96122a2a783b05cc
